
Microsoft Visual Studio Solution File, Format Version 12.00
# Visual Studio Version 16
VisualStudioVersion = 16.0.29613.14
MinimumVisualStudioVersion = 10.0.40219.1
Project("{9A19103F-16F7-4668-BE54-9A1E7A4F7556}") = "Algorithms", "src\Algorithms\Algorithms.csproj", "{832DADFC-E386-4D6A-A46D-3F01E8F657E4}"
EndProject
Project("{FAE04EC0-301F-11D3-BF4B-00C04F79EFBC}") = "Algorithms.Demo", "src\Algorithms.Demo\Algorithms.Demo.csproj", "{A80BF191-89CC-4C4C-8B6D-6E87AE939219}"
EndProject
Global
	GlobalSection(SolutionConfigurationPlatforms) = preSolution
		Debug|Any CPU = Debug|Any CPU
		Release|Any CPU = Release|Any CPU
	EndGlobalSection
	GlobalSection(ProjectConfigurationPlatforms) = postSolution
		{832DADFC-E386-4D6A-A46D-3F01E8F657E4}.Debug|Any CPU.ActiveCfg = Debug|Any CPU
		{832DADFC-E386-4D6A-A46D-3F01E8F657E4}.Debug|Any CPU.Build.0 = Debug|Any CPU
		{832DADFC-E386-4D6A-A46D-3F01E8F657E4}.Release|Any CPU.ActiveCfg = Release|Any CPU
		{832DADFC-E386-4D6A-A46D-3F01E8F657E4}.Release|Any CPU.Build.0 = Release|Any CPU
		{A80BF191-89CC-4C4C-8B6D-6E87AE939219}.Debug|Any CPU.ActiveCfg = Debug|Any CPU
		{A80BF191-89CC-4C4C-8B6D-6E87AE939219}.Debug|Any CPU.Build.0 = Debug|Any CPU
		{A80BF191-89CC-4C4C-8B6D-6E87AE939219}.Release|Any CPU.ActiveCfg = Release|Any CPU
		{A80BF191-89CC-4C4C-8B6D-6E87AE939219}.Release|Any CPU.Build.0 = Release|Any CPU
	EndGlobalSection
	GlobalSection(SolutionProperties) = preSolution
		HideSolutionNode = FALSE
	EndGlobalSection
	GlobalSection(ExtensibilityGlobals) = postSolution
		SolutionGuid = {E3EBA52B-3E40-4224-A747-F7186ACF0901}
	EndGlobalSection
EndGlobal
